// !$*UTF8*$!
{
	archiveVersion = 1;
	classes = {
	};
	objectVersion = 46;
	objects = {

/* Begin PBXBuildFile section */
		7E03E9FD14C785E0001E69FA /* NuShipTest.m in Sources */ = {isa = PBXBuildFile; fileRef = 7E03E9FC14C785E0001E69FA /* NuShipTest.m */; };
		7E09C54D14C8C8CF00CE7E9F /* NuData.xcdatamodeld in Sources */ = {isa = PBXBuildFile; fileRef = 7E09C54B14C8C8CF00CE7E9F /* NuData.xcdatamodeld */; };
		7E29089514ABBCCD00B11972 /* HullDatabase.plist in Resources */ = {isa = PBXBuildFile; fileRef = 7E29089414ABBCCD00B11972 /* HullDatabase.plist */; };
		7E29089D14ABBCE900B11972 /* NuGameListRequest.h in Headers */ = {isa = PBXBuildFile; fileRef = 7E29089714ABBCE900B11972 /* NuGameListRequest.h */; settings = {ATTRIBUTES = (Public, ); }; };
		7E29089E14ABBCE900B11972 /* NuGameListRequest.m in Sources */ = {isa = PBXBuildFile; fileRef = 7E29089814ABBCE900B11972 /* NuGameListRequest.m */; };
		7E29089F14ABBCE900B11972 /* NuLoginRequest.h in Headers */ = {isa = PBXBuildFile; fileRef = 7E29089914ABBCE900B11972 /* NuLoginRequest.h */; settings = {ATTRIBUTES = (Public, ); }; };
		7E2908A014ABBCE900B11972 /* NuLoginRequest.m in Sources */ = {isa = PBXBuildFile; fileRef = 7E29089A14ABBCE900B11972 /* NuLoginRequest.m */; };
		7E2908A114ABBCE900B11972 /* NuTurnRequest.h in Headers */ = {isa = PBXBuildFile; fileRef = 7E29089B14ABBCE900B11972 /* NuTurnRequest.h */; settings = {ATTRIBUTES = (Public, ); }; };
		7E2908A214ABBCE900B11972 /* NuTurnRequest.m in Sources */ = {isa = PBXBuildFile; fileRef = 7E29089C14ABBCE900B11972 /* NuTurnRequest.m */; };
		7E2908A614ABBD8F00B11972 /* JSONKit.h in Headers */ = {isa = PBXBuildFile; fileRef = 7E2908A414ABBD8F00B11972 /* JSONKit.h */; };
		7E2908A714ABBD8F00B11972 /* JSONKit.m in Sources */ = {isa = PBXBuildFile; fileRef = 7E2908A514ABBD8F00B11972 /* JSONKit.m */; };
		7E2A913414CBB54000BA24DA /* NuGame.h in Headers */ = {isa = PBXBuildFile; fileRef = 7E2A913214CBB54000BA24DA /* NuGame.h */; settings = {ATTRIBUTES = (Public, ); }; };
		7E2A913514CBB54000BA24DA /* NuGame.m in Sources */ = {isa = PBXBuildFile; fileRef = 7E2A913314CBB54000BA24DA /* NuGame.m */; };
		7E2A913914CBB5A600BA24DA /* NuGame+Functionality.h in Headers */ = {isa = PBXBuildFile; fileRef = 7E2A913714CBB5A600BA24DA /* NuGame+Functionality.h */; settings = {ATTRIBUTES = (Public, ); }; };
		7E2A913A14CBB5A600BA24DA /* NuGame+Functionality.m in Sources */ = {isa = PBXBuildFile; fileRef = 7E2A913814CBB5A600BA24DA /* NuGame+Functionality.m */; };
		7E2F16C114CBCEF400D793FC /* PlanuKit.h in Headers */ = {isa = PBXBuildFile; fileRef = 7E2908CC14ABC2B100B11972 /* PlanuKit.h */; settings = {ATTRIBUTES = (Public, ); }; };
		7E8A71A414CE7445001B400E /* NuTurn+Functionality.h in Headers */ = {isa = PBXBuildFile; fileRef = 7E8A71A214CE7445001B400E /* NuTurn+Functionality.h */; settings = {ATTRIBUTES = (Public, ); }; };
		7E8A71A514CE7445001B400E /* NuTurn+Functionality.m in Sources */ = {isa = PBXBuildFile; fileRef = 7E8A71A314CE7445001B400E /* NuTurn+Functionality.m */; };
		7E940EFF14CF90C0007B3777 /* NuShip+Functionality.h in Headers */ = {isa = PBXBuildFile; fileRef = 7E940EFD14CF90C0007B3777 /* NuShip+Functionality.h */; settings = {ATTRIBUTES = (Public, ); }; };
		7E940F0014CF90C0007B3777 /* NuShip+Functionality.m in Sources */ = {isa = PBXBuildFile; fileRef = 7E940EFE14CF90C0007B3777 /* NuShip+Functionality.m */; };
		7E940F0314CF91D2007B3777 /* NuHull+Functionality.h in Headers */ = {isa = PBXBuildFile; fileRef = 7E940F0114CF91D2007B3777 /* NuHull+Functionality.h */; settings = {ATTRIBUTES = (Public, ); }; };
		7E940F0414CF91D2007B3777 /* NuHull+Functionality.m in Sources */ = {isa = PBXBuildFile; fileRef = 7E940F0214CF91D2007B3777 /* NuHull+Functionality.m */; };
		7E940F0714CF92A2007B3777 /* NuIonStorm+Functionality.h in Headers */ = {isa = PBXBuildFile; fileRef = 7E940F0514CF92A2007B3777 /* NuIonStorm+Functionality.h */; settings = {ATTRIBUTES = (Public, ); }; };
		7E940F0814CF92A2007B3777 /* NuIonStorm+Functionality.m in Sources */ = {isa = PBXBuildFile; fileRef = 7E940F0614CF92A2007B3777 /* NuIonStorm+Functionality.m */; };
		7E940F0B14CF938F007B3777 /* NuPlanet+Functionality.h in Headers */ = {isa = PBXBuildFile; fileRef = 7E940F0914CF938F007B3777 /* NuPlanet+Functionality.h */; settings = {ATTRIBUTES = (Public, ); }; };
		7E940F0C14CF938F007B3777 /* NuPlanet+Functionality.m in Sources */ = {isa = PBXBuildFile; fileRef = 7E940F0A14CF938F007B3777 /* NuPlanet+Functionality.m */; };
		7E940F0F14CF93E6007B3777 /* NuStarbase+Functionality.h in Headers */ = {isa = PBXBuildFile; fileRef = 7E940F0D14CF93E6007B3777 /* NuStarbase+Functionality.h */; settings = {ATTRIBUTES = (Public, ); }; };
		7E940F1014CF93E6007B3777 /* NuStarbase+Functionality.m in Sources */ = {isa = PBXBuildFile; fileRef = 7E940F0E14CF93E6007B3777 /* NuStarbase+Functionality.m */; };
		7E940F1314CF9423007B3777 /* NuMinefield+Functionality.h in Headers */ = {isa = PBXBuildFile; fileRef = 7E940F1114CF9422007B3777 /* NuMinefield+Functionality.h */; settings = {ATTRIBUTES = (Public, ); }; };
		7E940F1414CF9423007B3777 /* NuMinefield+Functionality.m in Sources */ = {isa = PBXBuildFile; fileRef = 7E940F1214CF9422007B3777 /* NuMinefield+Functionality.m */; };
		7E940F1714CF9471007B3777 /* NuMinefield.h in Headers */ = {isa = PBXBuildFile; fileRef = 7E940F1514CF9470007B3777 /* NuMinefield.h */; settings = {ATTRIBUTES = (Public, ); }; };
		7E940F1814CF9471007B3777 /* NuMinefield.m in Sources */ = {isa = PBXBuildFile; fileRef = 7E940F1614CF9471007B3777 /* NuMinefield.m */; };
		7E940F1F14CF9475007B3777 /* NuIonStorm.h in Headers */ = {isa = PBXBuildFile; fileRef = 7E940F1D14CF9474007B3777 /* NuIonStorm.h */; settings = {ATTRIBUTES = (Public, ); }; };
		7E940F2014CF9475007B3777 /* NuIonStorm.m in Sources */ = {isa = PBXBuildFile; fileRef = 7E940F1E14CF9475007B3777 /* NuIonStorm.m */; };
		7E940F2314CF9475007B3777 /* NuPlanet.h in Headers */ = {isa = PBXBuildFile; fileRef = 7E940F2114CF9475007B3777 /* NuPlanet.h */; settings = {ATTRIBUTES = (Public, ); }; };
		7E940F2414CF9475007B3777 /* NuPlanet.m in Sources */ = {isa = PBXBuildFile; fileRef = 7E940F2214CF9475007B3777 /* NuPlanet.m */; };
		7E940F2714CF9476007B3777 /* NuStarbase.h in Headers */ = {isa = PBXBuildFile; fileRef = 7E940F2514CF9476007B3777 /* NuStarbase.h */; settings = {ATTRIBUTES = (Public, ); }; };
		7E940F2814CF9476007B3777 /* NuStarbase.m in Sources */ = {isa = PBXBuildFile; fileRef = 7E940F2614CF9476007B3777 /* NuStarbase.m */; };
		7E940F2B14CF9477007B3777 /* NuShip.h in Headers */ = {isa = PBXBuildFile; fileRef = 7E940F2914CF9477007B3777 /* NuShip.h */; settings = {ATTRIBUTES = (Public, ); }; };
		7E940F2C14CF9477007B3777 /* NuShip.m in Sources */ = {isa = PBXBuildFile; fileRef = 7E940F2A14CF9477007B3777 /* NuShip.m */; };
		7E9930DC14DE23CC00A463EE /* NuPlayer+Functionality.h in Headers */ = {isa = PBXBuildFile; fileRef = 7E9930DA14DE23CC00A463EE /* NuPlayer+Functionality.h */; settings = {ATTRIBUTES = (Public, ); }; };
		7E9930DD14DE23CC00A463EE /* NuPlayer+Functionality.m in Sources */ = {isa = PBXBuildFile; fileRef = 7E9930DB14DE23CC00A463EE /* NuPlayer+Functionality.m */; };
		7EB9CC1D14ABB4D700A6ECB3 /* Cocoa.framework in Frameworks */ = {isa = PBXBuildFile; fileRef = 7EB9CC1C14ABB4D700A6ECB3 /* Cocoa.framework */; };
		7EB9CC2714ABB4D700A6ECB3 /* InfoPlist.strings in Resources */ = {isa = PBXBuildFile; fileRef = 7EB9CC2514ABB4D700A6ECB3 /* InfoPlist.strings */; };
		7EB9CC3314ABB4D800A6ECB3 /* SenTestingKit.framework in Frameworks */ = {isa = PBXBuildFile; fileRef = 7EB9CC3214ABB4D800A6ECB3 /* SenTestingKit.framework */; };
		7EB9CC3414ABB4D800A6ECB3 /* Cocoa.framework in Frameworks */ = {isa = PBXBuildFile; fileRef = 7EB9CC1C14ABB4D700A6ECB3 /* Cocoa.framework */; };
		7EB9CC3714ABB4D800A6ECB3 /* PlanuKit.framework in Frameworks */ = {isa = PBXBuildFile; fileRef = 7EB9CC1914ABB4D700A6ECB3 /* PlanuKit.framework */; };
		7EB9CC3D14ABB4D800A6ECB3 /* InfoPlist.strings in Resources */ = {isa = PBXBuildFile; fileRef = 7EB9CC3B14ABB4D800A6ECB3 /* InfoPlist.strings */; };
		7EB9CC3F14ABB4D800A6ECB3 /* PlanuKitTests.h in Resources */ = {isa = PBXBuildFile; fileRef = 7EB9CC3E14ABB4D800A6ECB3 /* PlanuKitTests.h */; };
		7EB9CC4114ABB4D800A6ECB3 /* PlanuKitTests.m in Sources */ = {isa = PBXBuildFile; fileRef = 7EB9CC4014ABB4D800A6ECB3 /* PlanuKitTests.m */; };
		7EB9CC5614ABB7BF00A6ECB3 /* NuShipDatabase.h in Headers */ = {isa = PBXBuildFile; fileRef = 7EB9CC5414ABB7BF00A6ECB3 /* NuShipDatabase.h */; settings = {ATTRIBUTES = (Public, ); }; };
		7EB9CC5714ABB7BF00A6ECB3 /* NuShipDatabase.m in Sources */ = {isa = PBXBuildFile; fileRef = 7EB9CC5514ABB7BF00A6ECB3 /* NuShipDatabase.m */; };
		7EE9B67D14CB6EA000A77606 /* NuBeam.h in Headers */ = {isa = PBXBuildFile; fileRef = 7EE440F414C411A7006745D7 /* NuBeam.h */; settings = {ATTRIBUTES = (Public, ); }; };
		7EE9B67E14CB6EA400A77606 /* NuDiplomaticRelation.h in Headers */ = {isa = PBXBuildFile; fileRef = 7ECC437014AFD6F10083591C /* NuDiplomaticRelation.h */; settings = {ATTRIBUTES = (Public, ); }; };
		7EE9B67F14CB6EAA00A77606 /* NuEngine.h in Headers */ = {isa = PBXBuildFile; fileRef = 7E20648114C6186F00E7A484 /* NuEngine.h */; settings = {ATTRIBUTES = (Public, ); }; };
		7EE9B68114CB6EB500A77606 /* NuGameSettings.h in Headers */ = {isa = PBXBuildFile; fileRef = 7E2908AA14ABBFE400B11972 /* NuGameSettings.h */; settings = {ATTRIBUTES = (Public, ); }; };
		7EE9B68214CB6EBB00A77606 /* NuHull.h in Headers */ = {isa = PBXBuildFile; fileRef = 7E2908AC14ABBFE400B11972 /* NuHull.h */; settings = {ATTRIBUTES = (Public, ); }; };
		7EE9B68314CB6EBE00A77606 /* NuMessage.h in Headers */ = {isa = PBXBuildFile; fileRef = 7EF364F414AEC3C1009BBE86 /* NuMessage.h */; settings = {ATTRIBUTES = (Public, ); }; };
		7EE9B68414CB6EC600A77606 /* NuPlayer.h in Headers */ = {isa = PBXBuildFile; fileRef = 7E2908B214ABBFE500B11972 /* NuPlayer.h */; settings = {ATTRIBUTES = (Public, ); }; };
		7EE9B68514CB6ECB00A77606 /* NuPlayerRace.h in Headers */ = {isa = PBXBuildFile; fileRef = 7ECC437414AFFC190083591C /* NuPlayerRace.h */; settings = {ATTRIBUTES = (Public, ); }; };
		7EE9B68614CB6ECF00A77606 /* NuPlayerRaces.h in Headers */ = {isa = PBXBuildFile; fileRef = 7E2908D014AC331900B11972 /* NuPlayerRaces.h */; settings = {ATTRIBUTES = (Public, ); }; };
		7EE9B68714CB6EDE00A77606 /* NuTorpedo.h in Headers */ = {isa = PBXBuildFile; fileRef = 7EFBC27914C48786008D406D /* NuTorpedo.h */; settings = {ATTRIBUTES = (Public, ); }; };
		7EE9B68814CB6EE300A77606 /* NuTurn.h in Headers */ = {isa = PBXBuildFile; fileRef = 7E2908B814ABBFE500B11972 /* NuTurn.h */; settings = {ATTRIBUTES = (Public, ); }; };
		7EE9B68914CB6EE800A77606 /* NuWeapon.h in Headers */ = {isa = PBXBuildFile; fileRef = 7E9FC9BF14C48DC800B44623 /* NuWeapon.h */; settings = {ATTRIBUTES = (Public, ); }; };
		7EE9B68A14CB6F3A00A77606 /* NuHull.m in Sources */ = {isa = PBXBuildFile; fileRef = 7E2908AD14ABBFE400B11972 /* NuHull.m */; };
		7EE9B69114CB6F7400A77606 /* NuBeam.m in Sources */ = {isa = PBXBuildFile; fileRef = 7EE440F514C411A7006745D7 /* NuBeam.m */; };
		7EE9B69214CB6F7700A77606 /* NuDiplomaticRelation.m in Sources */ = {isa = PBXBuildFile; fileRef = 7ECC437114AFD6F10083591C /* NuDiplomaticRelation.m */; };
		7EE9B69314CB6F7B00A77606 /* NuEngine.m in Sources */ = {isa = PBXBuildFile; fileRef = 7E20648214C6186F00E7A484 /* NuEngine.m */; };
		7EE9B69514CB6F8100A77606 /* NuGameSettings.m in Sources */ = {isa = PBXBuildFile; fileRef = 7E2908AB14ABBFE400B11972 /* NuGameSettings.m */; };
		7EE9B69614CB6F8B00A77606 /* NuMessage.m in Sources */ = {isa = PBXBuildFile; fileRef = 7EF364F514AEC3C1009BBE86 /* NuMessage.m */; };
		7EE9B69814CB6F9E00A77606 /* NuPlayer.m in Sources */ = {isa = PBXBuildFile; fileRef = 7E2908B314ABBFE500B11972 /* NuPlayer.m */; };
		7EE9B69914CB6FA400A77606 /* NuPlayerRace.m in Sources */ = {isa = PBXBuildFile; fileRef = 7ECC437514AFFC1A0083591C /* NuPlayerRace.m */; };
		7EE9B69A14CB6FB100A77606 /* NuTorpedo.m in Sources */ = {isa = PBXBuildFile; fileRef = 7EFBC27A14C48786008D406D /* NuTorpedo.m */; };
		7EE9B69B14CB6FB600A77606 /* NuTurn.m in Sources */ = {isa = PBXBuildFile; fileRef = 7E2908B914ABBFE500B11972 /* NuTurn.m */; };
		7EE9B69C14CB6FBA00A77606 /* NuWeapon.m in Sources */ = {isa = PBXBuildFile; fileRef = 7E9FC9C014C48DC800B44623 /* NuWeapon.m */; };
		7EE9B6EA14CB918B00A77606 /* NuDataManager.h in Headers */ = {isa = PBXBuildFile; fileRef = 7EE9B6E814CB918B00A77606 /* NuDataManager.h */; };
		7EE9B6EB14CB918B00A77606 /* NuDataManager.m in Sources */ = {isa = PBXBuildFile; fileRef = 7EE9B6E914CB918B00A77606 /* NuDataManager.m */; };
/* End PBXBuildFile section */

/* Begin PBXContainerItemProxy section */
		7EB9CC3514ABB4D800A6ECB3 /* PBXContainerItemProxy */ = {
			isa = PBXContainerItemProxy;
			containerPortal = 7EB9CC0F14ABB4D700A6ECB3 /* Project object */;
			proxyType = 1;
			remoteGlobalIDString = 7EB9CC1814ABB4D700A6ECB3;
			remoteInfo = PlanuKit;
		};
/* End PBXContainerItemProxy section */

/* Begin PBXFileReference section */
		7E03E9FB14C785E0001E69FA /* NuShipTest.h */ = {isa = PBXFileReference; fileEncoding = 4; lastKnownFileType = sourcecode.c.h; path = NuShipTest.h; sourceTree = "<group>"; };
		7E03E9FC14C785E0001E69FA /* NuShipTest.m */ = {isa = PBXFileReference; fileEncoding = 4; lastKnownFileType = sourcecode.c.objc; path = NuShipTest.m; sourceTree = "<group>"; };
		7E09C54C14C8C8CF00CE7E9F /* NuData.xcdatamodel */ = {isa = PBXFileReference; lastKnownFileType = wrapper.xcdatamodel; path = NuData.xcdatamodel; sourceTree = "<group>"; };
		7E20648114C6186F00E7A484 /* NuEngine.h */ = {isa = PBXFileReference; fileEncoding = 4; lastKnownFileType = sourcecode.c.h; path = NuEngine.h; sourceTree = "<group>"; };
		7E20648214C6186F00E7A484 /* NuEngine.m */ = {isa = PBXFileReference; fileEncoding = 4; lastKnownFileType = sourcecode.c.objc; path = NuEngine.m; sourceTree = "<group>"; };
		7E29089414ABBCCD00B11972 /* HullDatabase.plist */ = {isa = PBXFileReference; fileEncoding = 4; lastKnownFileType = text.plist.xml; path = HullDatabase.plist; sourceTree = "<group>"; };
		7E29089714ABBCE900B11972 /* NuGameListRequest.h */ = {isa = PBXFileReference; fileEncoding = 4; lastKnownFileType = sourcecode.c.h; name = NuGameListRequest.h; path = ../PlanuKit/PlanuKit/NuGameListRequest.h; sourceTree = "<group>"; };
		7E29089814ABBCE900B11972 /* NuGameListRequest.m */ = {isa = PBXFileReference; fileEncoding = 4; lastKnownFileType = sourcecode.c.objc; name = NuGameListRequest.m; path = ../PlanuKit/PlanuKit/NuGameListRequest.m; sourceTree = "<group>"; };
		7E29089914ABBCE900B11972 /* NuLoginRequest.h */ = {isa = PBXFileReference; fileEncoding = 4; lastKnownFileType = sourcecode.c.h; name = NuLoginRequest.h; path = ../PlanuKit/PlanuKit/NuLoginRequest.h; sourceTree = "<group>"; };
		7E29089A14ABBCE900B11972 /* NuLoginRequest.m */ = {isa = PBXFileReference; fileEncoding = 4; lastKnownFileType = sourcecode.c.objc; name = NuLoginRequest.m; path = ../PlanuKit/PlanuKit/NuLoginRequest.m; sourceTree = "<group>"; };
		7E29089B14ABBCE900B11972 /* NuTurnRequest.h */ = {isa = PBXFileReference; fileEncoding = 4; lastKnownFileType = sourcecode.c.h; name = NuTurnRequest.h; path = ../PlanuKit/PlanuKit/NuTurnRequest.h; sourceTree = "<group>"; };
		7E29089C14ABBCE900B11972 /* NuTurnRequest.m */ = {isa = PBXFileReference; fileEncoding = 4; lastKnownFileType = sourcecode.c.objc; name = NuTurnRequest.m; path = ../PlanuKit/PlanuKit/NuTurnRequest.m; sourceTree = "<group>"; };
		7E2908A414ABBD8F00B11972 /* JSONKit.h */ = {isa = PBXFileReference; fileEncoding = 4; lastKnownFileType = sourcecode.c.h; name = JSONKit.h; path = ../JSONKit/JSONKit.h; sourceTree = "<group>"; };
		7E2908A514ABBD8F00B11972 /* JSONKit.m */ = {isa = PBXFileReference; fileEncoding = 4; lastKnownFileType = sourcecode.c.objc; name = JSONKit.m; path = ../JSONKit/JSONKit.m; sourceTree = "<group>"; };
		7E2908AA14ABBFE400B11972 /* NuGameSettings.h */ = {isa = PBXFileReference; fileEncoding = 4; lastKnownFileType = sourcecode.c.h; path = NuGameSettings.h; sourceTree = "<group>"; };
		7E2908AB14ABBFE400B11972 /* NuGameSettings.m */ = {isa = PBXFileReference; fileEncoding = 4; lastKnownFileType = sourcecode.c.objc; path = NuGameSettings.m; sourceTree = "<group>"; };
		7E2908AC14ABBFE400B11972 /* NuHull.h */ = {isa = PBXFileReference; fileEncoding = 4; lastKnownFileType = sourcecode.c.h; path = NuHull.h; sourceTree = "<group>"; };
		7E2908AD14ABBFE400B11972 /* NuHull.m */ = {isa = PBXFileReference; fileEncoding = 4; lastKnownFileType = sourcecode.c.objc; path = NuHull.m; sourceTree = "<group>"; };
		7E2908B214ABBFE500B11972 /* NuPlayer.h */ = {isa = PBXFileReference; fileEncoding = 4; lastKnownFileType = sourcecode.c.h; path = NuPlayer.h; sourceTree = "<group>"; };
		7E2908B314ABBFE500B11972 /* NuPlayer.m */ = {isa = PBXFileReference; fileEncoding = 4; lastKnownFileType = sourcecode.c.objc; path = NuPlayer.m; sourceTree = "<group>"; };
		7E2908B814ABBFE500B11972 /* NuTurn.h */ = {isa = PBXFileReference; fileEncoding = 4; lastKnownFileType = sourcecode.c.h; path = NuTurn.h; sourceTree = "<group>"; };
		7E2908B914ABBFE500B11972 /* NuTurn.m */ = {isa = PBXFileReference; fileEncoding = 4; lastKnownFileType = sourcecode.c.objc; path = NuTurn.m; sourceTree = "<group>"; };
		7E2908CC14ABC2B100B11972 /* PlanuKit.h */ = {isa = PBXFileReference; fileEncoding = 4; lastKnownFileType = sourcecode.c.h; path = PlanuKit.h; sourceTree = "<group>"; };
		7E2908D014AC331900B11972 /* NuPlayerRaces.h */ = {isa = PBXFileReference; fileEncoding = 4; lastKnownFileType = sourcecode.c.h; path = NuPlayerRaces.h; sourceTree = "<group>"; };
		7E2A913214CBB54000BA24DA /* NuGame.h */ = {isa = PBXFileReference; fileEncoding = 4; lastKnownFileType = sourcecode.c.h; path = NuGame.h; sourceTree = "<group>"; };
		7E2A913314CBB54000BA24DA /* NuGame.m */ = {isa = PBXFileReference; fileEncoding = 4; lastKnownFileType = sourcecode.c.objc; path = NuGame.m; sourceTree = "<group>"; };
		7E2A913714CBB5A600BA24DA /* NuGame+Functionality.h */ = {isa = PBXFileReference; fileEncoding = 4; lastKnownFileType = sourcecode.c.h; path = "NuGame+Functionality.h"; sourceTree = "<group>"; };
		7E2A913814CBB5A600BA24DA /* NuGame+Functionality.m */ = {isa = PBXFileReference; fileEncoding = 4; lastKnownFileType = sourcecode.c.objc; path = "NuGame+Functionality.m"; sourceTree = "<group>"; };
		7E8A71A214CE7445001B400E /* NuTurn+Functionality.h */ = {isa = PBXFileReference; fileEncoding = 4; lastKnownFileType = sourcecode.c.h; path = "NuTurn+Functionality.h"; sourceTree = "<group>"; };
		7E8A71A314CE7445001B400E /* NuTurn+Functionality.m */ = {isa = PBXFileReference; fileEncoding = 4; lastKnownFileType = sourcecode.c.objc; path = "NuTurn+Functionality.m"; sourceTree = "<group>"; };
		7E940EFD14CF90C0007B3777 /* NuShip+Functionality.h */ = {isa = PBXFileReference; fileEncoding = 4; lastKnownFileType = sourcecode.c.h; name = "NuShip+Functionality.h"; path = "PlanuKit/NuShip+Functionality.h"; sourceTree = "<group>"; };
		7E940EFE14CF90C0007B3777 /* NuShip+Functionality.m */ = {isa = PBXFileReference; fileEncoding = 4; lastKnownFileType = sourcecode.c.objc; name = "NuShip+Functionality.m"; path = "PlanuKit/NuShip+Functionality.m"; sourceTree = "<group>"; };
		7E940F0114CF91D2007B3777 /* NuHull+Functionality.h */ = {isa = PBXFileReference; fileEncoding = 4; lastKnownFileType = sourcecode.c.h; path = "NuHull+Functionality.h"; sourceTree = "<group>"; };
		7E940F0214CF91D2007B3777 /* NuHull+Functionality.m */ = {isa = PBXFileReference; fileEncoding = 4; lastKnownFileType = sourcecode.c.objc; path = "NuHull+Functionality.m"; sourceTree = "<group>"; };
		7E940F0514CF92A2007B3777 /* NuIonStorm+Functionality.h */ = {isa = PBXFileReference; fileEncoding = 4; lastKnownFileType = sourcecode.c.h; name = "NuIonStorm+Functionality.h"; path = "PlanuKit/NuIonStorm+Functionality.h"; sourceTree = "<group>"; };
		7E940F0614CF92A2007B3777 /* NuIonStorm+Functionality.m */ = {isa = PBXFileReference; fileEncoding = 4; lastKnownFileType = sourcecode.c.objc; name = "NuIonStorm+Functionality.m"; path = "PlanuKit/NuIonStorm+Functionality.m"; sourceTree = "<group>"; };
		7E940F0914CF938F007B3777 /* NuPlanet+Functionality.h */ = {isa = PBXFileReference; fileEncoding = 4; lastKnownFileType = sourcecode.c.h; name = "NuPlanet+Functionality.h"; path = "PlanuKit/NuPlanet+Functionality.h"; sourceTree = "<group>"; };
		7E940F0A14CF938F007B3777 /* NuPlanet+Functionality.m */ = {isa = PBXFileReference; fileEncoding = 4; lastKnownFileType = sourcecode.c.objc; name = "NuPlanet+Functionality.m"; path = "PlanuKit/NuPlanet+Functionality.m"; sourceTree = "<group>"; };
		7E940F0D14CF93E6007B3777 /* NuStarbase+Functionality.h */ = {isa = PBXFileReference; fileEncoding = 4; lastKnownFileType = sourcecode.c.h; name = "NuStarbase+Functionality.h"; path = "PlanuKit/NuStarbase+Functionality.h"; sourceTree = "<group>"; };
		7E940F0E14CF93E6007B3777 /* NuStarbase+Functionality.m */ = {isa = PBXFileReference; fileEncoding = 4; lastKnownFileType = sourcecode.c.objc; name = "NuStarbase+Functionality.m"; path = "PlanuKit/NuStarbase+Functionality.m"; sourceTree = "<group>"; };
		7E940F1114CF9422007B3777 /* NuMinefield+Functionality.h */ = {isa = PBXFileReference; fileEncoding = 4; lastKnownFileType = sourcecode.c.h; name = "NuMinefield+Functionality.h"; path = "PlanuKit/NuMinefield+Functionality.h"; sourceTree = "<group>"; };
		7E940F1214CF9422007B3777 /* NuMinefield+Functionality.m */ = {isa = PBXFileReference; fileEncoding = 4; lastKnownFileType = sourcecode.c.objc; name = "NuMinefield+Functionality.m"; path = "PlanuKit/NuMinefield+Functionality.m"; sourceTree = "<group>"; };
		7E940F1514CF9470007B3777 /* NuMinefield.h */ = {isa = PBXFileReference; fileEncoding = 4; lastKnownFileType = sourcecode.c.h; name = NuMinefield.h; path = PlanuKit/NuMinefield.h; sourceTree = "<group>"; };
		7E940F1614CF9471007B3777 /* NuMinefield.m */ = {isa = PBXFileReference; fileEncoding = 4; lastKnownFileType = sourcecode.c.objc; name = NuMinefield.m; path = PlanuKit/NuMinefield.m; sourceTree = "<group>"; };
		7E940F1D14CF9474007B3777 /* NuIonStorm.h */ = {isa = PBXFileReference; fileEncoding = 4; lastKnownFileType = sourcecode.c.h; name = NuIonStorm.h; path = PlanuKit/NuIonStorm.h; sourceTree = "<group>"; };
		7E940F1E14CF9475007B3777 /* NuIonStorm.m */ = {isa = PBXFileReference; fileEncoding = 4; lastKnownFileType = sourcecode.c.objc; name = NuIonStorm.m; path = PlanuKit/NuIonStorm.m; sourceTree = "<group>"; };
		7E940F2114CF9475007B3777 /* NuPlanet.h */ = {isa = PBXFileReference; fileEncoding = 4; lastKnownFileType = sourcecode.c.h; name = NuPlanet.h; path = PlanuKit/NuPlanet.h; sourceTree = "<group>"; };
		7E940F2214CF9475007B3777 /* NuPlanet.m */ = {isa = PBXFileReference; fileEncoding = 4; lastKnownFileType = sourcecode.c.objc; name = NuPlanet.m; path = PlanuKit/NuPlanet.m; sourceTree = "<group>"; };
		7E940F2514CF9476007B3777 /* NuStarbase.h */ = {isa = PBXFileReference; fileEncoding = 4; lastKnownFileType = sourcecode.c.h; name = NuStarbase.h; path = PlanuKit/NuStarbase.h; sourceTree = "<group>"; };
		7E940F2614CF9476007B3777 /* NuStarbase.m */ = {isa = PBXFileReference; fileEncoding = 4; lastKnownFileType = sourcecode.c.objc; name = NuStarbase.m; path = PlanuKit/NuStarbase.m; sourceTree = "<group>"; };
		7E940F2914CF9477007B3777 /* NuShip.h */ = {isa = PBXFileReference; fileEncoding = 4; lastKnownFileType = sourcecode.c.h; name = NuShip.h; path = PlanuKit/NuShip.h; sourceTree = "<group>"; };
		7E940F2A14CF9477007B3777 /* NuShip.m */ = {isa = PBXFileReference; fileEncoding = 4; lastKnownFileType = sourcecode.c.objc; name = NuShip.m; path = PlanuKit/NuShip.m; sourceTree = "<group>"; };
		7E9930DA14DE23CC00A463EE /* NuPlayer+Functionality.h */ = {isa = PBXFileReference; fileEncoding = 4; lastKnownFileType = sourcecode.c.h; path = "NuPlayer+Functionality.h"; sourceTree = "<group>"; };
		7E9930DB14DE23CC00A463EE /* NuPlayer+Functionality.m */ = {isa = PBXFileReference; fileEncoding = 4; lastKnownFileType = sourcecode.c.objc; path = "NuPlayer+Functionality.m"; sourceTree = "<group>"; };
		7E9FC9BF14C48DC800B44623 /* NuWeapon.h */ = {isa = PBXFileReference; fileEncoding = 4; lastKnownFileType = sourcecode.c.h; path = NuWeapon.h; sourceTree = "<group>"; };
		7E9FC9C014C48DC800B44623 /* NuWeapon.m */ = {isa = PBXFileReference; fileEncoding = 4; lastKnownFileType = sourcecode.c.objc; path = NuWeapon.m; sourceTree = "<group>"; };
		7EB9CC1914ABB4D700A6ECB3 /* PlanuKit.framework */ = {isa = PBXFileReference; explicitFileType = wrapper.framework; includeInIndex = 0; path = PlanuKit.framework; sourceTree = BUILT_PRODUCTS_DIR; };
		7EB9CC1C14ABB4D700A6ECB3 /* Cocoa.framework */ = {isa = PBXFileReference; lastKnownFileType = wrapper.framework; name = Cocoa.framework; path = System/Library/Frameworks/Cocoa.framework; sourceTree = SDKROOT; };
		7EB9CC1F14ABB4D700A6ECB3 /* AppKit.framework */ = {isa = PBXFileReference; lastKnownFileType = wrapper.framework; name = AppKit.framework; path = System/Library/Frameworks/AppKit.framework; sourceTree = SDKROOT; };
		7EB9CC2014ABB4D700A6ECB3 /* CoreData.framework */ = {isa = PBXFileReference; lastKnownFileType = wrapper.framework; name = CoreData.framework; path = System/Library/Frameworks/CoreData.framework; sourceTree = SDKROOT; };
		7EB9CC2114ABB4D700A6ECB3 /* Foundation.framework */ = {isa = PBXFileReference; lastKnownFileType = wrapper.framework; name = Foundation.framework; path = System/Library/Frameworks/Foundation.framework; sourceTree = SDKROOT; };
		7EB9CC2414ABB4D700A6ECB3 /* PlanuKit-Info.plist */ = {isa = PBXFileReference; lastKnownFileType = text.plist.xml; path = "PlanuKit-Info.plist"; sourceTree = "<group>"; };
		7EB9CC2614ABB4D700A6ECB3 /* en */ = {isa = PBXFileReference; lastKnownFileType = text.plist.strings; name = en; path = en.lproj/InfoPlist.strings; sourceTree = "<group>"; };
		7EB9CC2814ABB4D700A6ECB3 /* PlanuKit-Prefix.pch */ = {isa = PBXFileReference; lastKnownFileType = sourcecode.c.h; path = "PlanuKit-Prefix.pch"; sourceTree = "<group>"; };
		7EB9CC3114ABB4D800A6ECB3 /* PlanuKitTests.octest */ = {isa = PBXFileReference; explicitFileType = wrapper.cfbundle; includeInIndex = 0; path = PlanuKitTests.octest; sourceTree = BUILT_PRODUCTS_DIR; };
		7EB9CC3214ABB4D800A6ECB3 /* SenTestingKit.framework */ = {isa = PBXFileReference; lastKnownFileType = wrapper.framework; name = SenTestingKit.framework; path = Library/Frameworks/SenTestingKit.framework; sourceTree = DEVELOPER_DIR; };
		7EB9CC3A14ABB4D800A6ECB3 /* PlanuKitTests-Info.plist */ = {isa = PBXFileReference; lastKnownFileType = text.plist.xml; path = "PlanuKitTests-Info.plist"; sourceTree = "<group>"; };
		7EB9CC3C14ABB4D800A6ECB3 /* en */ = {isa = PBXFileReference; lastKnownFileType = text.plist.strings; name = en; path = en.lproj/InfoPlist.strings; sourceTree = "<group>"; };
		7EB9CC3E14ABB4D800A6ECB3 /* PlanuKitTests.h */ = {isa = PBXFileReference; lastKnownFileType = sourcecode.c.h; path = PlanuKitTests.h; sourceTree = "<group>"; };
		7EB9CC4014ABB4D800A6ECB3 /* PlanuKitTests.m */ = {isa = PBXFileReference; lastKnownFileType = sourcecode.c.objc; path = PlanuKitTests.m; sourceTree = "<group>"; };
		7EB9CC5414ABB7BF00A6ECB3 /* NuShipDatabase.h */ = {isa = PBXFileReference; fileEncoding = 4; lastKnownFileType = sourcecode.c.h; path = NuShipDatabase.h; sourceTree = "<group>"; };
		7EB9CC5514ABB7BF00A6ECB3 /* NuShipDatabase.m */ = {isa = PBXFileReference; fileEncoding = 4; lastKnownFileType = sourcecode.c.objc; path = NuShipDatabase.m; sourceTree = "<group>"; };
		7ECC437014AFD6F10083591C /* NuDiplomaticRelation.h */ = {isa = PBXFileReference; fileEncoding = 4; lastKnownFileType = sourcecode.c.h; path = NuDiplomaticRelation.h; sourceTree = "<group>"; };
		7ECC437114AFD6F10083591C /* NuDiplomaticRelation.m */ = {isa = PBXFileReference; fileEncoding = 4; lastKnownFileType = sourcecode.c.objc; path = NuDiplomaticRelation.m; sourceTree = "<group>"; };
		7ECC437414AFFC190083591C /* NuPlayerRace.h */ = {isa = PBXFileReference; fileEncoding = 4; lastKnownFileType = sourcecode.c.h; path = NuPlayerRace.h; sourceTree = "<group>"; };
		7ECC437514AFFC1A0083591C /* NuPlayerRace.m */ = {isa = PBXFileReference; fileEncoding = 4; lastKnownFileType = sourcecode.c.objc; path = NuPlayerRace.m; sourceTree = "<group>"; };
		7EE440F414C411A7006745D7 /* NuBeam.h */ = {isa = PBXFileReference; fileEncoding = 4; lastKnownFileType = sourcecode.c.h; path = NuBeam.h; sourceTree = "<group>"; };
		7EE440F514C411A7006745D7 /* NuBeam.m */ = {isa = PBXFileReference; fileEncoding = 4; lastKnownFileType = sourcecode.c.objc; path = NuBeam.m; sourceTree = "<group>"; };
		7EE9B6E814CB918B00A77606 /* NuDataManager.h */ = {isa = PBXFileReference; fileEncoding = 4; lastKnownFileType = sourcecode.c.h; path = NuDataManager.h; sourceTree = "<group>"; };
		7EE9B6E914CB918B00A77606 /* NuDataManager.m */ = {isa = PBXFileReference; fileEncoding = 4; lastKnownFileType = sourcecode.c.objc; path = NuDataManager.m; sourceTree = "<group>"; };
		7EF364F414AEC3C1009BBE86 /* NuMessage.h */ = {isa = PBXFileReference; fileEncoding = 4; lastKnownFileType = sourcecode.c.h; path = NuMessage.h; sourceTree = "<group>"; };
		7EF364F514AEC3C1009BBE86 /* NuMessage.m */ = {isa = PBXFileReference; fileEncoding = 4; lastKnownFileType = sourcecode.c.objc; path = NuMessage.m; sourceTree = "<group>"; };
		7EFBC27914C48786008D406D /* NuTorpedo.h */ = {isa = PBXFileReference; fileEncoding = 4; lastKnownFileType = sourcecode.c.h; path = NuTorpedo.h; sourceTree = "<group>"; };
		7EFBC27A14C48786008D406D /* NuTorpedo.m */ = {isa = PBXFileReference; fileEncoding = 4; lastKnownFileType = sourcecode.c.objc; path = NuTorpedo.m; sourceTree = "<group>"; };
/* End PBXFileReference section */

/* Begin PBXFrameworksBuildPhase section */
		7EB9CC1514ABB4D700A6ECB3 /* Frameworks */ = {
			isa = PBXFrameworksBuildPhase;
			buildActionMask = 2147483647;
			files = (
				7EB9CC1D14ABB4D700A6ECB3 /* Cocoa.framework in Frameworks */,
			);
			runOnlyForDeploymentPostprocessing = 0;
		};
		7EB9CC2D14ABB4D800A6ECB3 /* Frameworks */ = {
			isa = PBXFrameworksBuildPhase;
			buildActionMask = 2147483647;
			files = (
				7EB9CC3314ABB4D800A6ECB3 /* SenTestingKit.framework in Frameworks */,
				7EB9CC3414ABB4D800A6ECB3 /* Cocoa.framework in Frameworks */,
				7EB9CC3714ABB4D800A6ECB3 /* PlanuKit.framework in Frameworks */,
			);
			runOnlyForDeploymentPostprocessing = 0;
		};
/* End PBXFrameworksBuildPhase section */

/* Begin PBXGroup section */
		7E29089614ABBCE900B11972 /* Service Requests */ = {
			isa = PBXGroup;
			children = (
				7E29089714ABBCE900B11972 /* NuGameListRequest.h */,
				7E29089814ABBCE900B11972 /* NuGameListRequest.m */,
				7E29089914ABBCE900B11972 /* NuLoginRequest.h */,
				7E29089A14ABBCE900B11972 /* NuLoginRequest.m */,
				7E29089B14ABBCE900B11972 /* NuTurnRequest.h */,
				7E29089C14ABBCE900B11972 /* NuTurnRequest.m */,
			);
			name = "Service Requests";
			path = ../../PlanuPlanu;
			sourceTree = "<group>";
		};
		7E2908A314ABBD8F00B11972 /* JSONKit */ = {
			isa = PBXGroup;
			children = (
				7E2908A414ABBD8F00B11972 /* JSONKit.h */,
				7E2908A514ABBD8F00B11972 /* JSONKit.m */,
			);
			name = JSONKit;
			path = ../PlanuPlanu;
			sourceTree = "<group>";
		};
		7EB9CC0D14ABB4D700A6ECB3 = {
			isa = PBXGroup;
			children = (
				7E2908A314ABBD8F00B11972 /* JSONKit */,
				7EB9CC2214ABB4D700A6ECB3 /* PlanuKit */,
				7EB9CC3814ABB4D800A6ECB3 /* PlanuKitTests */,
				7EB9CC1B14ABB4D700A6ECB3 /* Frameworks */,
				7EB9CC1A14ABB4D700A6ECB3 /* Products */,
			);
			sourceTree = "<group>";
		};
		7EB9CC1A14ABB4D700A6ECB3 /* Products */ = {
			isa = PBXGroup;
			children = (
				7EB9CC1914ABB4D700A6ECB3 /* PlanuKit.framework */,
				7EB9CC3114ABB4D800A6ECB3 /* PlanuKitTests.octest */,
			);
			name = Products;
			sourceTree = "<group>";
		};
		7EB9CC1B14ABB4D700A6ECB3 /* Frameworks */ = {
			isa = PBXGroup;
			children = (
				7EB9CC1C14ABB4D700A6ECB3 /* Cocoa.framework */,
				7EB9CC3214ABB4D800A6ECB3 /* SenTestingKit.framework */,
				7EB9CC1E14ABB4D700A6ECB3 /* Other Frameworks */,
			);
			name = Frameworks;
			sourceTree = "<group>";
		};
		7EB9CC1E14ABB4D700A6ECB3 /* Other Frameworks */ = {
			isa = PBXGroup;
			children = (
				7EB9CC1F14ABB4D700A6ECB3 /* AppKit.framework */,
				7EB9CC2014ABB4D700A6ECB3 /* CoreData.framework */,
				7EB9CC2114ABB4D700A6ECB3 /* Foundation.framework */,
			);
			name = "Other Frameworks";
			sourceTree = "<group>";
		};
		7EB9CC2214ABB4D700A6ECB3 /* PlanuKit */ = {
			isa = PBXGroup;
			children = (
				7EE9B6E714CB916600A77606 /* CoreData Support */,
				7E2908CC14ABC2B100B11972 /* PlanuKit.h */,
				7E09C54B14C8C8CF00CE7E9F /* NuData.xcdatamodeld */,
				7ECC436F14AFCF760083591C /* Mappable Entities */,
				7EE440F414C411A7006745D7 /* NuBeam.h */,
				7EE440F514C411A7006745D7 /* NuBeam.m */,
				7ECC437014AFD6F10083591C /* NuDiplomaticRelation.h */,
				7ECC437114AFD6F10083591C /* NuDiplomaticRelation.m */,
				7E20648114C6186F00E7A484 /* NuEngine.h */,
				7E20648214C6186F00E7A484 /* NuEngine.m */,
				7E2A913214CBB54000BA24DA /* NuGame.h */,
				7E2A913314CBB54000BA24DA /* NuGame.m */,
				7E2A913714CBB5A600BA24DA /* NuGame+Functionality.h */,
				7E2A913814CBB5A600BA24DA /* NuGame+Functionality.m */,
				7E2908AA14ABBFE400B11972 /* NuGameSettings.h */,
				7E2908AB14ABBFE400B11972 /* NuGameSettings.m */,
				7E2908AC14ABBFE400B11972 /* NuHull.h */,
				7E2908AD14ABBFE400B11972 /* NuHull.m */,
				7E940F0114CF91D2007B3777 /* NuHull+Functionality.h */,
				7E940F0214CF91D2007B3777 /* NuHull+Functionality.m */,
				7EF364F414AEC3C1009BBE86 /* NuMessage.h */,
				7EF364F514AEC3C1009BBE86 /* NuMessage.m */,
				7E2908B214ABBFE500B11972 /* NuPlayer.h */,
				7E2908B314ABBFE500B11972 /* NuPlayer.m */,
				7E9930DA14DE23CC00A463EE /* NuPlayer+Functionality.h */,
				7E9930DB14DE23CC00A463EE /* NuPlayer+Functionality.m */,
				7ECC437414AFFC190083591C /* NuPlayerRace.h */,
				7ECC437514AFFC1A0083591C /* NuPlayerRace.m */,
				7E2908D014AC331900B11972 /* NuPlayerRaces.h */,
				7EB9CC5414ABB7BF00A6ECB3 /* NuShipDatabase.h */,
				7EB9CC5514ABB7BF00A6ECB3 /* NuShipDatabase.m */,
				7EFBC27914C48786008D406D /* NuTorpedo.h */,
				7EFBC27A14C48786008D406D /* NuTorpedo.m */,
				7E2908B814ABBFE500B11972 /* NuTurn.h */,
				7E2908B914ABBFE500B11972 /* NuTurn.m */,
				7E8A71A214CE7445001B400E /* NuTurn+Functionality.h */,
				7E8A71A314CE7445001B400E /* NuTurn+Functionality.m */,
				7E9FC9BF14C48DC800B44623 /* NuWeapon.h */,
				7E9FC9C014C48DC800B44623 /* NuWeapon.m */,
				7E29089614ABBCE900B11972 /* Service Requests */,
				7EB9CC2314ABB4D700A6ECB3 /* Supporting Files */,
				7E29089414ABBCCD00B11972 /* HullDatabase.plist */,
			);
			path = PlanuKit;
			sourceTree = "<group>";
		};
		7EB9CC2314ABB4D700A6ECB3 /* Supporting Files */ = {
			isa = PBXGroup;
			children = (
				7EB9CC2414ABB4D700A6ECB3 /* PlanuKit-Info.plist */,
				7EB9CC2514ABB4D700A6ECB3 /* InfoPlist.strings */,
				7EB9CC2814ABB4D700A6ECB3 /* PlanuKit-Prefix.pch */,
			);
			name = "Supporting Files";
			sourceTree = "<group>";
		};
		7EB9CC3814ABB4D800A6ECB3 /* PlanuKitTests */ = {
			isa = PBXGroup;
			children = (
				7EB9CC3E14ABB4D800A6ECB3 /* PlanuKitTests.h */,
				7EB9CC4014ABB4D800A6ECB3 /* PlanuKitTests.m */,
				7EB9CC3914ABB4D800A6ECB3 /* Supporting Files */,
				7E03E9FB14C785E0001E69FA /* NuShipTest.h */,
				7E03E9FC14C785E0001E69FA /* NuShipTest.m */,
			);
			path = PlanuKitTests;
			sourceTree = "<group>";
		};
		7EB9CC3914ABB4D800A6ECB3 /* Supporting Files */ = {
			isa = PBXGroup;
			children = (
				7EB9CC3A14ABB4D800A6ECB3 /* PlanuKitTests-Info.plist */,
				7EB9CC3B14ABB4D800A6ECB3 /* InfoPlist.strings */,
			);
			name = "Supporting Files";
			sourceTree = "<group>";
		};
		7ECC436F14AFCF760083591C /* Mappable Entities */ = {
			isa = PBXGroup;
			children = (
				7E940F0514CF92A2007B3777 /* NuIonStorm+Functionality.h */,
				7E940F0614CF92A2007B3777 /* NuIonStorm+Functionality.m */,
				7E940F0914CF938F007B3777 /* NuPlanet+Functionality.h */,
				7E940F0A14CF938F007B3777 /* NuPlanet+Functionality.m */,
				7E940EFD14CF90C0007B3777 /* NuShip+Functionality.h */,
				7E940EFE14CF90C0007B3777 /* NuShip+Functionality.m */,
				7E940F0D14CF93E6007B3777 /* NuStarbase+Functionality.h */,
				7E940F0E14CF93E6007B3777 /* NuStarbase+Functionality.m */,
				7E940F1114CF9422007B3777 /* NuMinefield+Functionality.h */,
				7E940F1214CF9422007B3777 /* NuMinefield+Functionality.m */,
				7E940F1514CF9470007B3777 /* NuMinefield.h */,
				7E940F1614CF9471007B3777 /* NuMinefield.m */,
				7E940F1D14CF9474007B3777 /* NuIonStorm.h */,
				7E940F1E14CF9475007B3777 /* NuIonStorm.m */,
				7E940F2114CF9475007B3777 /* NuPlanet.h */,
				7E940F2214CF9475007B3777 /* NuPlanet.m */,
				7E940F2514CF9476007B3777 /* NuStarbase.h */,
				7E940F2614CF9476007B3777 /* NuStarbase.m */,
				7E940F2914CF9477007B3777 /* NuShip.h */,
				7E940F2A14CF9477007B3777 /* NuShip.m */,
			);
			name = "Mappable Entities";
			path = ..;
			sourceTree = "<group>";
		};
		7EE9B6E714CB916600A77606 /* CoreData Support */ = {
			isa = PBXGroup;
			children = (
				7EE9B6E814CB918B00A77606 /* NuDataManager.h */,
				7EE9B6E914CB918B00A77606 /* NuDataManager.m */,
			);
			name = "CoreData Support";
			sourceTree = "<group>";
		};
/* End PBXGroup section */

/* Begin PBXHeadersBuildPhase section */
		7EB9CC1614ABB4D700A6ECB3 /* Headers */ = {
			isa = PBXHeadersBuildPhase;
			buildActionMask = 2147483647;
			files = (
				7E2F16C114CBCEF400D793FC /* PlanuKit.h in Headers */,
				7EE9B67D14CB6EA000A77606 /* NuBeam.h in Headers */,
				7EE9B67E14CB6EA400A77606 /* NuDiplomaticRelation.h in Headers */,
				7EE9B67F14CB6EAA00A77606 /* NuEngine.h in Headers */,
				7E2A913414CBB54000BA24DA /* NuGame.h in Headers */,
				7E2A913914CBB5A600BA24DA /* NuGame+Functionality.h in Headers */,
				7EE9B68114CB6EB500A77606 /* NuGameSettings.h in Headers */,
				7EE9B68214CB6EBB00A77606 /* NuHull.h in Headers */,
				7EE9B68314CB6EBE00A77606 /* NuMessage.h in Headers */,
				7EE9B68414CB6EC600A77606 /* NuPlayer.h in Headers */,
				7EE9B68514CB6ECB00A77606 /* NuPlayerRace.h in Headers */,
				7EE9B68614CB6ECF00A77606 /* NuPlayerRaces.h in Headers */,
				7EB9CC5614ABB7BF00A6ECB3 /* NuShipDatabase.h in Headers */,
				7EE9B68714CB6EDE00A77606 /* NuTorpedo.h in Headers */,
				7EE9B68814CB6EE300A77606 /* NuTurn.h in Headers */,
				7EE9B68914CB6EE800A77606 /* NuWeapon.h in Headers */,
				7E29089D14ABBCE900B11972 /* NuGameListRequest.h in Headers */,
				7E29089F14ABBCE900B11972 /* NuLoginRequest.h in Headers */,
				7E2908A114ABBCE900B11972 /* NuTurnRequest.h in Headers */,
				7E2908A614ABBD8F00B11972 /* JSONKit.h in Headers */,
				7EE9B6EA14CB918B00A77606 /* NuDataManager.h in Headers */,
				7E8A71A414CE7445001B400E /* NuTurn+Functionality.h in Headers */,
				7E940EFF14CF90C0007B3777 /* NuShip+Functionality.h in Headers */,
				7E940F0314CF91D2007B3777 /* NuHull+Functionality.h in Headers */,
				7E940F0714CF92A2007B3777 /* NuIonStorm+Functionality.h in Headers */,
				7E940F0B14CF938F007B3777 /* NuPlanet+Functionality.h in Headers */,
				7E940F0F14CF93E6007B3777 /* NuStarbase+Functionality.h in Headers */,
				7E940F1314CF9423007B3777 /* NuMinefield+Functionality.h in Headers */,
				7E940F1714CF9471007B3777 /* NuMinefield.h in Headers */,
				7E940F1F14CF9475007B3777 /* NuIonStorm.h in Headers */,
				7E940F2314CF9475007B3777 /* NuPlanet.h in Headers */,
				7E940F2714CF9476007B3777 /* NuStarbase.h in Headers */,
				7E940F2B14CF9477007B3777 /* NuShip.h in Headers */,
				7E9930DC14DE23CC00A463EE /* NuPlayer+Functionality.h in Headers */,
			);
			runOnlyForDeploymentPostprocessing = 0;
		};
/* End PBXHeadersBuildPhase section */

/* Begin PBXNativeTarget section */
		7EB9CC1814ABB4D700A6ECB3 /* PlanuKit */ = {
			isa = PBXNativeTarget;
			buildConfigurationList = 7EB9CC4414ABB4D800A6ECB3 /* Build configuration list for PBXNativeTarget "PlanuKit" */;
			buildPhases = (
				7EB9CC1414ABB4D700A6ECB3 /* Sources */,
				7EB9CC1514ABB4D700A6ECB3 /* Frameworks */,
				7EB9CC1614ABB4D700A6ECB3 /* Headers */,
				7EB9CC1714ABB4D700A6ECB3 /* Resources */,
			);
			buildRules = (
			);
			dependencies = (
			);
			name = PlanuKit;
			productName = PlanuKit;
			productReference = 7EB9CC1914ABB4D700A6ECB3 /* PlanuKit.framework */;
			productType = "com.apple.product-type.framework";
		};
		7EB9CC3014ABB4D800A6ECB3 /* PlanuKitTests */ = {
			isa = PBXNativeTarget;
			buildConfigurationList = 7EB9CC4714ABB4D800A6ECB3 /* Build configuration list for PBXNativeTarget "PlanuKitTests" */;
			buildPhases = (
				7EB9CC2C14ABB4D800A6ECB3 /* Sources */,
				7EB9CC2D14ABB4D800A6ECB3 /* Frameworks */,
				7EB9CC2E14ABB4D800A6ECB3 /* Resources */,
				7EB9CC2F14ABB4D800A6ECB3 /* ShellScript */,
			);
			buildRules = (
			);
			dependencies = (
				7EB9CC3614ABB4D800A6ECB3 /* PBXTargetDependency */,
			);
			name = PlanuKitTests;
			productName = PlanuKitTests;
			productReference = 7EB9CC3114ABB4D800A6ECB3 /* PlanuKitTests.octest */;
			productType = "com.apple.product-type.bundle";
		};
/* End PBXNativeTarget section */

/* Begin PBXProject section */
		7EB9CC0F14ABB4D700A6ECB3 /* Project object */ = {
			isa = PBXProject;
			attributes = {
				LastUpgradeCheck = 0420;
				ORGANIZATIONNAME = "Roboboogie Studios";
			};
			buildConfigurationList = 7EB9CC1214ABB4D700A6ECB3 /* Build configuration list for PBXProject "PlanuKit" */;
			compatibilityVersion = "Xcode 3.2";
			developmentRegion = English;
			hasScannedForEncodings = 0;
			knownRegions = (
				en,
			);
			mainGroup = 7EB9CC0D14ABB4D700A6ECB3;
			productRefGroup = 7EB9CC1A14ABB4D700A6ECB3 /* Products */;
			projectDirPath = "";
			projectRoot = "";
			targets = (
				7EB9CC1814ABB4D700A6ECB3 /* PlanuKit */,
				7EB9CC3014ABB4D800A6ECB3 /* PlanuKitTests */,
			);
		};
/* End PBXProject section */

/* Begin PBXResourcesBuildPhase section */
		7EB9CC1714ABB4D700A6ECB3 /* Resources */ = {
			isa = PBXResourcesBuildPhase;
			buildActionMask = 2147483647;
			files = (
				7EB9CC2714ABB4D700A6ECB3 /* InfoPlist.strings in Resources */,
				7E29089514ABBCCD00B11972 /* HullDatabase.plist in Resources */,
			);
			runOnlyForDeploymentPostprocessing = 0;
		};
		7EB9CC2E14ABB4D800A6ECB3 /* Resources */ = {
			isa = PBXResourcesBuildPhase;
			buildActionMask = 2147483647;
			files = (
				7EB9CC3D14ABB4D800A6ECB3 /* InfoPlist.strings in Resources */,
				7EB9CC3F14ABB4D800A6ECB3 /* PlanuKitTests.h in Resources */,
			);
			runOnlyForDeploymentPostprocessing = 0;
		};
/* End PBXResourcesBuildPhase section */

/* Begin PBXShellScriptBuildPhase section */
		7EB9CC2F14ABB4D800A6ECB3 /* ShellScript */ = {
			isa = PBXShellScriptBuildPhase;
			buildActionMask = 2147483647;
			files = (
			);
			inputPaths = (
			);
			outputPaths = (
			);
			runOnlyForDeploymentPostprocessing = 0;
			shellPath = /bin/sh;
			shellScript = "# Run the unit tests in this test bundle.\n\"${SYSTEM_DEVELOPER_DIR}/Tools/RunUnitTests\"\n";
		};
/* End PBXShellScriptBuildPhase section */

/* Begin PBXSourcesBuildPhase section */
		7EB9CC1414ABB4D700A6ECB3 /* Sources */ = {
			isa = PBXSourcesBuildPhase;
			buildActionMask = 2147483647;
			files = (
				7E09C54D14C8C8CF00CE7E9F /* NuData.xcdatamodeld in Sources */,
				7EB9CC5714ABB7BF00A6ECB3 /* NuShipDatabase.m in Sources */,
				7E29089E14ABBCE900B11972 /* NuGameListRequest.m in Sources */,
				7E2908A014ABBCE900B11972 /* NuLoginRequest.m in Sources */,
				7E2908A214ABBCE900B11972 /* NuTurnRequest.m in Sources */,
				7E2908A714ABBD8F00B11972 /* JSONKit.m in Sources */,
				7EE9B69114CB6F7400A77606 /* NuBeam.m in Sources */,
				7EE9B69214CB6F7700A77606 /* NuDiplomaticRelation.m in Sources */,
				7EE9B69314CB6F7B00A77606 /* NuEngine.m in Sources */,
				7EE9B69514CB6F8100A77606 /* NuGameSettings.m in Sources */,
				7EE9B68A14CB6F3A00A77606 /* NuHull.m in Sources */,
				7EE9B69614CB6F8B00A77606 /* NuMessage.m in Sources */,
				7EE9B69814CB6F9E00A77606 /* NuPlayer.m in Sources */,
				7EE9B69914CB6FA400A77606 /* NuPlayerRace.m in Sources */,
				7EE9B69A14CB6FB100A77606 /* NuTorpedo.m in Sources */,
				7EE9B69B14CB6FB600A77606 /* NuTurn.m in Sources */,
				7EE9B69C14CB6FBA00A77606 /* NuWeapon.m in Sources */,
				7EE9B6EB14CB918B00A77606 /* NuDataManager.m in Sources */,
				7E2A913514CBB54000BA24DA /* NuGame.m in Sources */,
				7E2A913A14CBB5A600BA24DA /* NuGame+Functionality.m in Sources */,
				7E8A71A514CE7445001B400E /* NuTurn+Functionality.m in Sources */,
				7E940F0014CF90C0007B3777 /* NuShip+Functionality.m in Sources */,
				7E940F0414CF91D2007B3777 /* NuHull+Functionality.m in Sources */,
				7E940F0814CF92A2007B3777 /* NuIonStorm+Functionality.m in Sources */,
				7E940F0C14CF938F007B3777 /* NuPlanet+Functionality.m in Sources */,
				7E940F1014CF93E6007B3777 /* NuStarbase+Functionality.m in Sources */,
				7E940F1414CF9423007B3777 /* NuMinefield+Functionality.m in Sources */,
				7E940F1814CF9471007B3777 /* NuMinefield.m in Sources */,
				7E940F2014CF9475007B3777 /* NuIonStorm.m in Sources */,
				7E940F2414CF9475007B3777 /* NuPlanet.m in Sources */,
				7E940F2814CF9476007B3777 /* NuStarbase.m in Sources */,
				7E940F2C14CF9477007B3777 /* NuShip.m in Sources */,
				7E9930DD14DE23CC00A463EE /* NuPlayer+Functionality.m in Sources */,
			);
			runOnlyForDeploymentPostprocessing = 0;
		};
		7EB9CC2C14ABB4D800A6ECB3 /* Sources */ = {
			isa = PBXSourcesBuildPhase;
			buildActionMask = 2147483647;
			files = (
				7EB9CC4114ABB4D800A6ECB3 /* PlanuKitTests.m in Sources */,
				7E03E9FD14C785E0001E69FA /* NuShipTest.m in Sources */,
			);
			runOnlyForDeploymentPostprocessing = 0;
		};
/* End PBXSourcesBuildPhase section */

/* Begin PBXTargetDependency section */
		7EB9CC3614ABB4D800A6ECB3 /* PBXTargetDependency */ = {
			isa = PBXTargetDependency;
			target = 7EB9CC1814ABB4D700A6ECB3 /* PlanuKit */;
			targetProxy = 7EB9CC3514ABB4D800A6ECB3 /* PBXContainerItemProxy */;
		};
/* End PBXTargetDependency section */

/* Begin PBXVariantGroup section */
		7EB9CC2514ABB4D700A6ECB3 /* InfoPlist.strings */ = {
			isa = PBXVariantGroup;
			children = (
				7EB9CC2614ABB4D700A6ECB3 /* en */,
			);
			name = InfoPlist.strings;
			sourceTree = "<group>";
		};
		7EB9CC3B14ABB4D800A6ECB3 /* InfoPlist.strings */ = {
			isa = PBXVariantGroup;
			children = (
				7EB9CC3C14ABB4D800A6ECB3 /* en */,
			);
			name = InfoPlist.strings;
			sourceTree = "<group>";
		};
/* End PBXVariantGroup section */

/* Begin XCBuildConfiguration section */
		7EB9CC4214ABB4D800A6ECB3 /* Debug */ = {
			isa = XCBuildConfiguration;
			buildSettings = {
				ALWAYS_SEARCH_USER_PATHS = NO;
				ARCHS = "$(ARCHS_STANDARD_64_BIT)";
				COPY_PHASE_STRIP = NO;
				GCC_C_LANGUAGE_STANDARD = gnu99;
				GCC_DYNAMIC_NO_PIC = NO;
				GCC_ENABLE_OBJC_EXCEPTIONS = YES;
				GCC_OPTIMIZATION_LEVEL = 0;
				GCC_PREPROCESSOR_DEFINITIONS = (
					"DEBUG=1",
					"$(inherited)",
				);
				GCC_SYMBOLS_PRIVATE_EXTERN = NO;
				GCC_VERSION = com.apple.compilers.llvm.clang.1_0;
				GCC_WARN_64_TO_32_BIT_CONVERSION = YES;
				GCC_WARN_ABOUT_MISSING_PROTOTYPES = YES;
				GCC_WARN_ABOUT_RETURN_TYPE = YES;
				GCC_WARN_UNUSED_VARIABLE = YES;
				INSTALL_PATH = "@rpath";
				MACOSX_DEPLOYMENT_TARGET = 10.7;
				ONLY_ACTIVE_ARCH = YES;
				SDKROOT = macosx;
			};
			name = Debug;
		};
		7EB9CC4314ABB4D800A6ECB3 /* Release */ = {
			isa = XCBuildConfiguration;
			buildSettings = {
				ALWAYS_SEARCH_USER_PATHS = NO;
				ARCHS = "$(ARCHS_STANDARD_64_BIT)";
				COPY_PHASE_STRIP = YES;
				DEBUG_INFORMATION_FORMAT = "dwarf-with-dsym";
				GCC_C_LANGUAGE_STANDARD = gnu99;
				GCC_ENABLE_OBJC_EXCEPTIONS = YES;
				GCC_VERSION = com.apple.compilers.llvm.clang.1_0;
				GCC_WARN_64_TO_32_BIT_CONVERSION = YES;
				GCC_WARN_ABOUT_MISSING_PROTOTYPES = YES;
				GCC_WARN_ABOUT_RETURN_TYPE = YES;
				GCC_WARN_UNUSED_VARIABLE = YES;
				INSTALL_PATH = "@rpath";
				MACOSX_DEPLOYMENT_TARGET = 10.7;
				SDKROOT = macosx;
			};
			name = Release;
		};
		7EB9CC4514ABB4D800A6ECB3 /* Debug */ = {
			isa = XCBuildConfiguration;
			buildSettings = {
				DYLIB_COMPATIBILITY_VERSION = 1;
				DYLIB_CURRENT_VERSION = 1;
				FRAMEWORK_VERSION = A;
				GCC_PRECOMPILE_PREFIX_HEADER = YES;
				GCC_PREFIX_HEADER = "";
				INFOPLIST_FILE = "PlanuKit/PlanuKit-Info.plist";
				INSTALL_PATH = "@executable_path/../Frameworks";
				PRODUCT_NAME = "$(TARGET_NAME)";
				WRAPPER_EXTENSION = framework;
			};
			name = Debug;
		};
		7EB9CC4614ABB4D800A6ECB3 /* Release */ = {
			isa = XCBuildConfiguration;
			buildSettings = {
				DYLIB_COMPATIBILITY_VERSION = 1;
				DYLIB_CURRENT_VERSION = 1;
				FRAMEWORK_VERSION = A;
				GCC_PRECOMPILE_PREFIX_HEADER = YES;
				GCC_PREFIX_HEADER = "";
				INFOPLIST_FILE = "PlanuKit/PlanuKit-Info.plist";
				INSTALL_PATH = "@executable_path/../Frameworks";
				PRODUCT_NAME = "$(TARGET_NAME)";
				WRAPPER_EXTENSION = framework;
			};
			name = Release;
		};
		7EB9CC4814ABB4D800A6ECB3 /* Debug */ = {
			isa = XCBuildConfiguration;
			buildSettings = {
				FRAMEWORK_SEARCH_PATHS = "$(DEVELOPER_LIBRARY_DIR)/Frameworks";
				GCC_PRECOMPILE_PREFIX_HEADER = YES;
				GCC_PREFIX_HEADER = "PlanuKit/PlanuKit-Prefix.pch";
				INFOPLIST_FILE = "PlanuKitTests/PlanuKitTests-Info.plist";
				PRODUCT_NAME = "$(TARGET_NAME)";
				WRAPPER_EXTENSION = octest;
			};
			name = Debug;
		};
		7EB9CC4914ABB4D800A6ECB3 /* Release */ = {
			isa = XCBuildConfiguration;
			buildSettings = {
				FRAMEWORK_SEARCH_PATHS = "$(DEVELOPER_LIBRARY_DIR)/Frameworks";
				GCC_PRECOMPILE_PREFIX_HEADER = YES;
				GCC_PREFIX_HEADER = "PlanuKit/PlanuKit-Prefix.pch";
				INFOPLIST_FILE = "PlanuKitTests/PlanuKitTests-Info.plist";
				PRODUCT_NAME = "$(TARGET_NAME)";
				WRAPPER_EXTENSION = octest;
			};
			name = Release;
		};
/* End XCBuildConfiguration section */

/* Begin XCConfigurationList section */
		7EB9CC1214ABB4D700A6ECB3 /* Build configuration list for PBXProject "PlanuKit" */ = {
			isa = XCConfigurationList;
			buildConfigurations = (
				7EB9CC4214ABB4D800A6ECB3 /* Debug */,
				7EB9CC4314ABB4D800A6ECB3 /* Release */,
			);
			defaultConfigurationIsVisible = 0;
			defaultConfigurationName = Release;
		};
		7EB9CC4414ABB4D800A6ECB3 /* Build configuration list for PBXNativeTarget "PlanuKit" */ = {
			isa = XCConfigurationList;
			buildConfigurations = (
				7EB9CC4514ABB4D800A6ECB3 /* Debug */,
				7EB9CC4614ABB4D800A6ECB3 /* Release */,
			);
			defaultConfigurationIsVisible = 0;
			defaultConfigurationName = Release;
		};
		7EB9CC4714ABB4D800A6ECB3 /* Build configuration list for PBXNativeTarget "PlanuKitTests" */ = {
			isa = XCConfigurationList;
			buildConfigurations = (
				7EB9CC4814ABB4D800A6ECB3 /* Debug */,
				7EB9CC4914ABB4D800A6ECB3 /* Release */,
			);
			defaultConfigurationIsVisible = 0;
			defaultConfigurationName = Release;
		};
/* End XCConfigurationList section */

/* Begin XCVersionGroup section */
		7E09C54B14C8C8CF00CE7E9F /* NuData.xcdatamodeld */ = {
			isa = XCVersionGroup;
			children = (
				7E09C54C14C8C8CF00CE7E9F /* NuData.xcdatamodel */,
			);
			currentVersion = 7E09C54C14C8C8CF00CE7E9F /* NuData.xcdatamodel */;
			path = NuData.xcdatamodeld;
			sourceTree = "<group>";
			versionGroupType = wrapper.xcdatamodel;
		};
/* End XCVersionGroup section */
	};
	rootObject = 7EB9CC0F14ABB4D700A6ECB3 /* Project object */;
}
